# THIS IS AN AUTOGENERATED FILE. DO NOT EDIT THIS FILE DIRECTLY.
# yarn lockfile v1


"dayjs@^1.11.5":
  "integrity" "sha512-LcgxzFoWMEPO7ggRv1Y2N31hUf2R0Vj7fuy/m+Bg1K8rr+KAs1AEy4y9jd5DXe8pbHgX+srkHNS7TH6Q6ZhYeQ=="
  "resolved" "https://registry.npmmirror.com/dayjs/-/dayjs-1.11.8.tgz"
  "version" "1.11.8"

"uni-read-pages@^1.0.5":
  "integrity" "sha512-GkrrZ0LX0vn9R5k6RKEi0Ez3Q3e2vUpjXQ8Z6/K/d28KudI9ajqgt8WEjQFlG5EPm1K6uTArN8LlqmZTEixDUA=="
  "resolved" "https://registry.npmmirror.com/uni-read-pages/-/uni-read-pages-1.0.5.tgz"
  "version" "1.0.5"

"uni-simple-router@^2.0.7":
  "integrity" "sha512-8FKv5dw7Eoonm0gkO8udprrxzin0fNUI0+AvIphFkFRH5ZmP5ZWJ2pvnWzb2NiiqQSECTSU5VSB7HhvOSwD5eA=="
  "resolved" "https://registry.npmmirror.com/uni-simple-router/-/uni-simple-router-2.0.7.tgz"
  "version" "2.0.7"
